{
    "version": 3,
    "terraform_version": "0.11.13",
    "serial": 5,
    "lineage": "22818972-c02f-6704-8530-fa67c18e7d96",
    "modules": [
        {
            "path": [
                "root"
            ],
            "outputs": {},
            "resources": {
                "google_container_cluster.django-cluster": {
                    "type": "google_container_cluster",
                    "depends_on": [],
                    "primary": {
                        "id": "django-k8s",
                        "attributes": {
                            "additional_zones.#": "0",
                            "addons_config.#": "1",
                            "addons_config.0.horizontal_pod_autoscaling.#": "0",
                            "addons_config.0.http_load_balancing.#": "0",
                            "addons_config.0.kubernetes_dashboard.#": "1",
                            "addons_config.0.kubernetes_dashboard.0.disabled": "true",
                            "addons_config.0.network_policy_config.#": "1",
                            "addons_config.0.network_policy_config.0.disabled": "true",
                            "cluster_autoscaling.#": "0",
                            "cluster_ipv4_cidr": "10.56.0.0/14",
                            "description": "",
                            "enable_kubernetes_alpha": "false",
                            "enable_legacy_abac": "false",
                            "endpoint": "34.73.138.120",
                            "id": "django-k8s",
                            "initial_node_count": "3",
                            "instance_group_urls.#": "1",
                            "instance_group_urls.0": "https://www.googleapis.com/compute/v1/projects/default-239304/zones/us-east1-b/instanceGroups/gke-django-k8s-default-pool-dd082436-grp",
                            "ip_allocation_policy.#": "0",
                            "location": "us-east1-b",
                            "logging_service": "logging.googleapis.com",
                            "maintenance_policy.#": "0",
                            "master_auth.#": "1",
                            "master_auth.0.client_certificate": "LS0tLS1CRUdJTiBDRVJUSUZJQ0FURS0tLS0tCk1JSUMyakNDQWNLZ0F3SUJBZ0lRY3pXeUdRK1F5UGZBZ0FaNHFOL21nekFOQmdrcWhraUc5dzBCQVFzRkFEQXYKTVMwd0t3WURWUVFERXlSak1qTmlaV1UxTmkwd01tWXpMVFJrT0RBdFltTmtOaTFtTURSbFlqTTVPRE00WWprdwpIaGNOTVRrd05UQTVNakV4T1RRd1doY05NalF3TlRBM01qRXhPVFF3V2pBUk1ROHdEUVlEVlFRREV3WmpiR2xsCmJuUXdnZ0VpTUEwR0NTcUdTSWIzRFFFQkFRVUFBNElCRHdBd2dnRUtBb0lCQVFETi9OeVN0cGdIUUlhV0Y5cUkKQTM2ZnFnOHhQdWh6OWYvRWNnSjE3aXFWdlFzOWVDeHAzRk10NWdQQ0FqbVltVzJzWHRFc3VhWjZoT3hDU1pBTwpmajF1R3ZwV1FyNFQ3RG0vTzdJT0RJNXNrZXgrWFdBcGNrQWRnV3FndUs1d1JTQ1krRk1tNUpBNFl4TGh3M3J1Cm9kN1FLVDUxdUtldXc0QmFCdFhwVG9ZWDUzd0pnZzFJSG5VV3dQQ2FtNzdZWnovS2hBMFl3K0JjZ0thdVFZNVQKeHZXQ0VFbGg4TDZpTjZlT09Db0s4RjlLanlya2h5aHJ5WklhcW93MFJ6bnlmY0pBZGFHN2k2Ri9IOVU1OGhIVApzcVhSVGRpQ1ZMVE5MdFZLaVpmSmVTTVJJT2NOV05aUFBBQ3Nma1dDWjE0MEdGNnpTMGRVMVJYRjJ1WTlHVlViClhocTNBZ01CQUFHakVEQU9NQXdHQTFVZEV3RUIvd1FDTUFBd0RRWUpLb1pJaHZjTkFRRUxCUUFEZ2dFQkFCT3MKZXhud1JWOExJRWJWYWhMWksyaUFVUkF6bTlORWpCeW1mWThSTEFEUWI0UUhTMlloM0U1OEI5SkVORFppYUQ2aQpDc1gyWU5NaWVQQ0JpVysyb0twWmlnK2c5VmUwU2FmWDdMak54NGtmU2pYbGo3VzdpclI3cTYxT212TGdmNTBmCmI5T3BEZmZESGczcVVvMjlCbE5iMmUrbUduT0FSeHhXOUtuM09Qc2k2YnZxVGRnRkhPZTM4NWttVXgzb0JXUXAKc0tRTXZPbmhES2t5OXNSaTV2VXlvaVpHd0Z3VVJiYWM3aU0ySUk3aWd5ODJyWW8zZStIZmhzazE4WUlKa0RVagovZkc4RjBFenZaK3MwS0NpQS9IOUc3YmV1RUtUQUZMdGVMcUh1U0FRZmhOVjg5QTBOcURMK0szNnltNjEvL08wCkdwZW1Ha0NNT1FrRnByeW9CMDQ9Ci0tLS0tRU5EIENFUlRJRklDQVRFLS0tLS0K",
                            "master_auth.0.client_certificate_config.#": "0",
                            "master_auth.0.client_key": "LS0tLS1CRUdJTiBSU0EgUFJJVkFURSBLRVktLS0tLQpNSUlFb3dJQkFBS0NBUUVBemZ6Y2tyYVlCMENHbGhmYWlBTituNm9QTVQ3b2MvWC94SElDZGU0cWxiMExQWGdzCmFkeFRMZVlEd2dJNW1KbHRyRjdSTExtbWVvVHNRa21RRG40OWJocjZWa0srRSt3NXZ6dXlEZ3lPYkpIc2ZsMWcKS1hKQUhZRnFvTGl1Y0VVZ21QaFRKdVNRT0dNUzRjTjY3cUhlMENrK2RiaW5yc09BV2diVjZVNkdGK2Q4Q1lJTgpTQjUxRnNEd21wdSsyR2MveW9RTkdNUGdYSUNtcmtHT1U4YjFnaEJKWWZDK29qZW5qamdxQ3ZCZlNvOHE1SWNvCmE4bVNHcXFNTkVjNThuM0NRSFdodTR1aGZ4L1ZPZklSMDdLbDBVM1lnbFMwelM3VlNvbVh5WGtqRVNEbkRWalcKVHp3QXJINUZnbWRlTkJoZXMwdEhWTlVWeGRybVBSbFZHMTRhdHdJREFRQUJBb0lCQUFWa3ZaSEozaWt5YzFPeQp4RElUaFZsQTVxenZiTDY4ampuaWtsWHNLb2xKTGVZcUkxK1NPVXRXWG5yUi9CZ1d6RnhiRHpjUWxWOVg0NmZJCnJWRHoxVC93ek9VOVVpVExacWV2TkhaUnRkajU2U3RWM3BLM1B4NkdxUGdVWGR6cXNuUE83TDV6OWFMRVZWWTcKL0JnTGZQNE9WbWhXc1cxT0NTcFNTMytVWXNaMWFTaFErU1F1R3I2SDFwOW1MT05waloyaEQyU2NhaXQvaytPdApjSGFCdDBTeitObDlzV0NkZjl6K2VXVzd2TGZwNHp0aFkwRktwNWRDc0VYQWFpWWpET25SV0pKOU12WDduek94CjBoMW9ESzVVSGU1dkFDRWNMbjdjNHU2QVJJeVZUaStEclFCZUNOdzZTSS9lRVhxZGRkbXF2N3NJeDFrNVQvSU8KVUhhSktvRUNnWUVBOWRObnArbFgzNm52VlJMRkFoNzJaemlaZlQvZHg0ZXl2dHpIY01ob3Fvc0lYNVhDMjkyawplOEtEcVl3eUZTT3Z3MFFCL25LZkU4QVo4K3JzN1FkdTRXY0ZQd3BlcjdEZjBmUDVJR0hUWGFsTHlHVXR4eTJICm1YVGtVQ2hQR3JTem9rMGJkd3FPQTFLMTFQT3FpOXJ4V1loL2FpNzZDSkdJbitPRmdZNEx1VEVDZ1lFQTFvTmMKYXBHY1lEaUVkTnREVE9YVThjRkJpRy9tNENkOWIvdythN21XdDg2UTdscHJoTHhqWEZzcmZoUENHZDVIWFVzWQpLaXVhakdQRnhpdHAxSmZ1eTlXRmd2RERHeG8vUFVJOVRFT1p2NzdkQnNoR3hRZHdaSTRoSWlCamRnaWJacVNECkhRWXFoa004RnJub0xyMlArZldZN3Npd1UrclMvdFgxVUwxcUdHY0NnWUE5dU1uUzhCUy9OTVRCNEllVW83K00KWlRxc3B3ZUJYTUgxaUN1UFZ0Sm8xNlhQa2lPdDNyVzQyVHNEckE2N0hnMjRnbS9adWwvVXJxd1ZnVXZocTdjYwpZeWgvRHBSOW1uUm9HOURXWDVtWmI3TjJhbWtYRkloeWNGWVBCai91WGFhb3ZxR0J2eVd2RWVwVHdLWjJuUTl5ClFvSnpYNzRwdnBqR1JITTE5enRjVVFLQmdRQ0REZGdkUjM2WkRvNWw4anRJdExXSFNZRm5BSzYxellxR0t6NWIKaEJQL2tkVGJ1aVFzQVFoWE9WLzE4ODVIRFpUZCsyMzAvWlM3Sm8yQ3g2MHRjL0V4V083cmszb3ZpYmFQRDNQeApydTgweFQrMTBBL2tlZW9CbFEvTEVLeVRSU2pqNmFnc3lFS2NxbUVBcFcyamVLNklrTEp4Vit6YUtBSG1MUU5sCjQ0TDVDd0tCZ0IvaDY3UEhDUXRBQ083V29RS2t1NWRuVGQyMzIyQ0hVYmhtZlBmZmtLb25qTmp1OTROTE9rOGsKWUROczBKczVGcFpDSkJDOEpZaGdnS1hiVjhXOXR0ZWJoZERNQUVBdmVkNFM3ZnFNbFp5eVVNSG1CeFJDVEZEbwpsT3llTTlXcTlNZWhmUnNCc2s4YVU3MTBXWXZoU0hveElkZmR4bEJiTmJKckVZUkVUUEpUCi0tLS0tRU5EIFJTQSBQUklWQVRFIEtFWS0tLS0tCg==",
                            "master_auth.0.cluster_ca_certificate": "LS0tLS1CRUdJTiBDRVJUSUZJQ0FURS0tLS0tCk1JSURERENDQWZTZ0F3SUJBZ0lSQUt5d1paMkJZNCtFTlVNRWJsNElRb3d3RFFZSktvWklodmNOQVFFTEJRQXcKTHpFdE1Dc0dBMVVFQXhNa1l6SXpZbVZsTlRZdE1ESm1NeTAwWkRnd0xXSmpaRFl0WmpBMFpXSXpPVGd6T0dJNQpNQjRYRFRFNU1EVXdPVEl3TVRrek9Gb1hEVEkwTURVd056SXhNVGt6T0Zvd0x6RXRNQ3NHQTFVRUF4TWtZekl6ClltVmxOVFl0TURKbU15MDBaRGd3TFdKalpEWXRaakEwWldJek9UZ3pPR0k1TUlJQklqQU5CZ2txaGtpRzl3MEIKQVFFRkFBT0NBUThBTUlJQkNnS0NBUUVBcWpMSFg0NVpCMEtjNm40OTZ6NjR4OHVuekVVYi9mWTlTajlXOU5IVgpjUzhzdVorTnltOHJGT2JEOXA5Z0lWemR0UEVBNjIrbTR1TEdJSU5RQjBnWUQwR0hQKzV2Wi81M2oreTA0cUJSCmdYMnpzMjRxNWpnWlhMREdaL2lhRkJYMVR2bUhXSlhtRzBwNS95Y1FvZVU3L2lRUVhkcmNmUDh6QVRia3hqdmIKcHZhdWNBWXg1N1BocmpJUXY2UXI1YU1Cc0NYRFBBVzJ1dG9sc0lkQ3VqU04zYU53RXg3a0wwRUVjWjExdG93bwpNR0NTejBOeC9SWm1hMDh2eXR3QmZrcjk5R3ZXUU9RUDY5WCtyZ3JCeDh0eEQrMXp6WitDRUt2Tmt0K01zRlpvCi9EZ0VZWUhSVTI5cDF4STV3aXRmRjVoZExKdGt6MXlyRThvdGRyY2VZTmdMQVFJREFRQUJveU13SVRBT0JnTlYKSFE4QkFmOEVCQU1DQWdRd0R3WURWUjBUQVFIL0JBVXdBd0VCL3pBTkJna3Foa2lHOXcwQkFRc0ZBQU9DQVFFQQpBdkFyajg1M3pLeG84TGsxWjgyMllneWhEUk9nRkpsdnRNQ09NM1RJTkV3c0NhT2pWclF3ZEZXQWdLOXcvWkJVCkpXWDkxVjRrbElzaGpyVEhBZE90alZBVzl4cEdFNjk3bTBhOWFwcGdMQkYvTXVVajloQkpKbFFybFhZbmR1ZlEKSEJCV1NzTFNFYk84UVJKSkFoMHJkS2J0MGNDVk1HYnZVT1pMOEJnbTFJbTZJa1RNVGtZdXJCRDFjYTl0QTZHNQpHcGNYWUhzdFNCNU1NMTJNZGRWaXlXSzlKbXF2UmNuRGFsMHBVRHk3MDhOQzVOcUQrb1orTi96aE9Ickk0dXdxCkdLbHpuRTE3NmJZK1VzdERFaXR2Ui9Hdk5RV280Z29BMmFPOWR6V3VDSVh0Ry96ajBXZHR2SWpZZWk3bEJPUTUKV2lWM09IbDlDVHorR2I1YkxkNEJKdz09Ci0tLS0tRU5EIENFUlRJRklDQVRFLS0tLS0K",
                            "master_auth.0.password": "ZVm2A570zoqBk5An",
                            "master_auth.0.username": "admin",
                            "master_authorized_networks_config.#": "0",
                            "master_version": "1.11.8-gke.6",
                            "monitoring_service": "monitoring.googleapis.com",
                            "name": "django-k8s",
                            "network": "projects/default-239304/global/networks/default",
                            "network_policy.#": "1",
                            "network_policy.0.enabled": "false",
                            "network_policy.0.provider": "PROVIDER_UNSPECIFIED",
                            "node_config.#": "1",
                            "node_config.0.disk_size_gb": "100",
                            "node_config.0.disk_type": "pd-standard",
                            "node_config.0.guest_accelerator.#": "0",
                            "node_config.0.image_type": "COS",
                            "node_config.0.labels.%": "0",
                            "node_config.0.local_ssd_count": "0",
                            "node_config.0.machine_type": "n1-standard-1",
                            "node_config.0.metadata.%": "0",
                            "node_config.0.min_cpu_platform": "",
                            "node_config.0.oauth_scopes.#": "6",
                            "node_config.0.oauth_scopes.1277378754": "https://www.googleapis.com/auth/monitoring",
                            "node_config.0.oauth_scopes.1632638332": "https://www.googleapis.com/auth/devstorage.read_only",
                            "node_config.0.oauth_scopes.172152165": "https://www.googleapis.com/auth/logging.write",
                            "node_config.0.oauth_scopes.316356861": "https://www.googleapis.com/auth/service.management.readonly",
                            "node_config.0.oauth_scopes.3663490875": "https://www.googleapis.com/auth/servicecontrol",
                            "node_config.0.oauth_scopes.3859019814": "https://www.googleapis.com/auth/trace.append",
                            "node_config.0.preemptible": "false",
                            "node_config.0.service_account": "default",
                            "node_config.0.tags.#": "0",
                            "node_config.0.taint.#": "0",
                            "node_config.0.workload_metadata_config.#": "0",
                            "node_locations.#": "0",
                            "node_pool.#": "1",
                            "node_pool.0.autoscaling.#": "0",
                            "node_pool.0.initial_node_count": "3",
                            "node_pool.0.instance_group_urls.#": "1",
                            "node_pool.0.instance_group_urls.0": "https://www.googleapis.com/compute/v1/projects/default-239304/zones/us-east1-b/instanceGroupManagers/gke-django-k8s-default-pool-dd082436-grp",
                            "node_pool.0.management.#": "1",
                            "node_pool.0.management.0.auto_repair": "false",
                            "node_pool.0.management.0.auto_upgrade": "false",
                            "node_pool.0.max_pods_per_node": "0",
                            "node_pool.0.name": "default-pool",
                            "node_pool.0.name_prefix": "",
                            "node_pool.0.node_config.#": "1",
                            "node_pool.0.node_config.0.disk_size_gb": "100",
                            "node_pool.0.node_config.0.disk_type": "pd-standard",
                            "node_pool.0.node_config.0.guest_accelerator.#": "0",
                            "node_pool.0.node_config.0.image_type": "COS",
                            "node_pool.0.node_config.0.labels.%": "0",
                            "node_pool.0.node_config.0.local_ssd_count": "0",
                            "node_pool.0.node_config.0.machine_type": "n1-standard-1",
                            "node_pool.0.node_config.0.metadata.%": "0",
                            "node_pool.0.node_config.0.min_cpu_platform": "",
                            "node_pool.0.node_config.0.oauth_scopes.#": "6",
                            "node_pool.0.node_config.0.oauth_scopes.1277378754": "https://www.googleapis.com/auth/monitoring",
                            "node_pool.0.node_config.0.oauth_scopes.1632638332": "https://www.googleapis.com/auth/devstorage.read_only",
                            "node_pool.0.node_config.0.oauth_scopes.172152165": "https://www.googleapis.com/auth/logging.write",
                            "node_pool.0.node_config.0.oauth_scopes.316356861": "https://www.googleapis.com/auth/service.management.readonly",
                            "node_pool.0.node_config.0.oauth_scopes.3663490875": "https://www.googleapis.com/auth/servicecontrol",
                            "node_pool.0.node_config.0.oauth_scopes.3859019814": "https://www.googleapis.com/auth/trace.append",
                            "node_pool.0.node_config.0.preemptible": "false",
                            "node_pool.0.node_config.0.service_account": "default",
                            "node_pool.0.node_config.0.tags.#": "0",
                            "node_pool.0.node_config.0.taint.#": "0",
                            "node_pool.0.node_config.0.workload_metadata_config.#": "0",
                            "node_pool.0.node_count": "3",
                            "node_pool.0.version": "1.11.8-gke.6",
                            "node_version": "1.11.8-gke.6",
                            "private_cluster_config.#": "0",
                            "project": "default-239304",
                            "resource_labels.%": "0",
                            "subnetwork": "projects/default-239304/regions/us-east1/subnetworks/default",
                            "zone": "us-east1-b"
                        },
                        "meta": {
                            "e2bfb730-ecaa-11e6-8f88-34363bc7c4c0": {
                                "create": 1800000000000,
                                "delete": 1800000000000,
                                "update": 1800000000000
                            },
                            "schema_version": "1"
                        },
                        "tainted": false
                    },
                    "deposed": [],
                    "provider": "provider.google"
                }
            },
            "depends_on": []
        }
    ]
}
